
Microsoft Visual Studio Solution File, Format Version 12.00
# Visual Studio Version 17
VisualStudioVersion = 17.3.32901.215
MinimumVisualStudioVersion = 10.0.40219.1
Project("{9A19103F-16F7-4668-BE54-9A1E7A4F7556}") = "DesafioBackEndManipulae", "DesafioBackEndManipulae.csproj", "{76752BB9-0857-4C90-9705-2AAD21013721}"
EndProject
Project("{FAE04EC0-301F-11D3-BF4B-00C04F79EFBC}") = "DesafioBackEndManipulae.Tests", "..\DesafioBackEndManipulae.Tests\DesafioBackEndManipulae.Tests.csproj", "{2AE7BE76-66BD-430B-872A-F2184350A692}"
EndProject
Global
	GlobalSection(SolutionConfigurationPlatforms) = preSolution
		Debug|Any CPU = Debug|Any CPU
		Release|Any CPU = Release|Any CPU
	EndGlobalSection
	GlobalSection(ProjectConfigurationPlatforms) = postSolution
		{76752BB9-0857-4C90-9705-2AAD21013721}.Debug|Any CPU.ActiveCfg = Debug|Any CPU
		{76752BB9-0857-4C90-9705-2AAD21013721}.Debug|Any CPU.Build.0 = Debug|Any CPU
		{76752BB9-0857-4C90-9705-2AAD21013721}.Release|Any CPU.ActiveCfg = Release|Any CPU
		{76752BB9-0857-4C90-9705-2AAD21013721}.Release|Any CPU.Build.0 = Release|Any CPU
		{2AE7BE76-66BD-430B-872A-F2184350A692}.Debug|Any CPU.ActiveCfg = Debug|Any CPU
		{2AE7BE76-66BD-430B-872A-F2184350A692}.Debug|Any CPU.Build.0 = Debug|Any CPU
		{2AE7BE76-66BD-430B-872A-F2184350A692}.Release|Any CPU.ActiveCfg = Release|Any CPU
		{2AE7BE76-66BD-430B-872A-F2184350A692}.Release|Any CPU.Build.0 = Release|Any CPU
	EndGlobalSection
	GlobalSection(SolutionProperties) = preSolution
		HideSolutionNode = FALSE
	EndGlobalSection
	GlobalSection(ExtensibilityGlobals) = postSolution
		SolutionGuid = {A53977CD-27AD-4705-A0CB-BE94879174DA}
	EndGlobalSection
EndGlobal
